
Microsoft Visual Studio Solution File, Format Version 12.00
# Visual Studio Version 17
VisualStudioVersion = 17.5.002.0
MinimumVisualStudioVersion = 10.0.40219.1
Project("{9A19103F-16F7-4668-BE54-9A1E7A4F7556}") = "server", "server\server.csproj", "{BCB82E78-DEC0-48D2-99BC-38A456168823}"
EndProject
Global
	GlobalSection(SolutionConfigurationPlatforms) = preSolution
		Debug|Any CPU = Debug|Any CPU
		Release|Any CPU = Release|Any CPU
	EndGlobalSection
	GlobalSection(ProjectConfigurationPlatforms) = postSolution
		{BCB82E78-DEC0-48D2-99BC-38A456168823}.Debug|Any CPU.ActiveCfg = Debug|Any CPU
		{BCB82E78-DEC0-48D2-99BC-38A456168823}.Debug|Any CPU.Build.0 = Debug|Any CPU
		{BCB82E78-DEC0-48D2-99BC-38A456168823}.Release|Any CPU.ActiveCfg = Release|Any CPU
		{BCB82E78-DEC0-48D2-99BC-38A456168823}.Release|Any CPU.Build.0 = Release|Any CPU
	EndGlobalSection
	GlobalSection(SolutionProperties) = preSolution
		HideSolutionNode = FALSE
	EndGlobalSection
	GlobalSection(ExtensibilityGlobals) = postSolution
		SolutionGuid = {424961D3-6E3A-490C-B770-31EF06F9C0A8}
	EndGlobalSection
EndGlobal
